Microsoft Visual Studio Solution File, Format Version 12.00
# Visual Studio 14
VisualStudioVersion = 14.0.25123.0
MinimumVisualStudioVersion = 10.0.40219.1
Project("{FAE04EC0-301F-11D3-BF4B-00C04F79EFBC}") = "CExtensions.EFModelGenerator", "CExtensions.EFModelGenerator\CExtensions.EFModelGenerator.csproj", "{570E27DB-B255-4541-B211-34F124AD4A8E}"
EndProject
Project("{FAE04EC0-301F-11D3-BF4B-00C04F79EFBC}") = "CExtensions.EFModelGenerator.Oracle", "CExtensions.EFModelGenerator.Oracle\CExtensions.EFModelGenerator.Oracle.csproj", "{30BF4F1C-757F-404E-B86D-0C46215C7B19}"
EndProject
Project("{FAE04EC0-301F-11D3-BF4B-00C04F79EFBC}") = "CExtensions.EFModelGenerator.VSExtension", "CExtensions.EFModelGenerator.VSExtension\CExtensions.EFModelGenerator.VSExtension.csproj", "{0761DD11-1F39-414B-B25B-2C34E2073621}"
EndProject
Project("{2150E333-8FDC-42A3-9474-1A3956D46DE8}") = "Test", "Test", "{6EE87156-05D8-4F39-99FA-F467239F06B2}"
EndProject
Project("{FAE04EC0-301F-11D3-BF4B-00C04F79EFBC}") = "CExtensions.EFModelGenerator.Settings.Test", "Test\CExtensions.EFModelGenerator.Settings.Test\CExtensions.EFModelGenerator.Settings.Test.csproj", "{8FC8344B-F9D4-4D31-8C45-025A556FEAA2}"
EndProject
Project("{FAE04EC0-301F-11D3-BF4B-00C04F79EFBC}") = "Test.Helpers", "Test\Test.Helpers\Test.Helpers.csproj", "{A2D088C9-56F6-4318-AF5B-DA25CA18E198}"
EndProject
Project("{2150E333-8FDC-42A3-9474-1A3956D46DE8}") = "Sample", "Sample", "{842B5750-7067-437E-B8D4-42BA057CD3D0}"
EndProject
Project("{FAE04EC0-301F-11D3-BF4B-00C04F79EFBC}") = "SimpleSample", "Sample\SimpleSample\SimpleSample.csproj", "{CFF8C7F2-FC14-4671-9DCF-65E86B7189EC}"
EndProject
Global
	GlobalSection(SolutionConfigurationPlatforms) = preSolution
		Debug|Any CPU = Debug|Any CPU
		Debug|x86 = Debug|x86
		Release|Any CPU = Release|Any CPU
		Release|x86 = Release|x86
	EndGlobalSection
	GlobalSection(ProjectConfigurationPlatforms) = postSolution
		{570E27DB-B255-4541-B211-34F124AD4A8E}.Debug|Any CPU.ActiveCfg = Debug|Any CPU
		{570E27DB-B255-4541-B211-34F124AD4A8E}.Debug|Any CPU.Build.0 = Debug|Any CPU
		{570E27DB-B255-4541-B211-34F124AD4A8E}.Debug|x86.ActiveCfg = Debug|Any CPU
		{570E27DB-B255-4541-B211-34F124AD4A8E}.Debug|x86.Build.0 = Debug|Any CPU
		{570E27DB-B255-4541-B211-34F124AD4A8E}.Release|Any CPU.ActiveCfg = Release|Any CPU
		{570E27DB-B255-4541-B211-34F124AD4A8E}.Release|Any CPU.Build.0 = Release|Any CPU
		{570E27DB-B255-4541-B211-34F124AD4A8E}.Release|x86.ActiveCfg = Release|Any CPU
		{570E27DB-B255-4541-B211-34F124AD4A8E}.Release|x86.Build.0 = Release|Any CPU
		{30BF4F1C-757F-404E-B86D-0C46215C7B19}.Debug|Any CPU.ActiveCfg = Debug|Any CPU
		{30BF4F1C-757F-404E-B86D-0C46215C7B19}.Debug|Any CPU.Build.0 = Debug|Any CPU
		{30BF4F1C-757F-404E-B86D-0C46215C7B19}.Debug|x86.ActiveCfg = Debug|Any CPU
		{30BF4F1C-757F-404E-B86D-0C46215C7B19}.Debug|x86.Build.0 = Debug|Any CPU
		{30BF4F1C-757F-404E-B86D-0C46215C7B19}.Release|Any CPU.ActiveCfg = Release|Any CPU
		{30BF4F1C-757F-404E-B86D-0C46215C7B19}.Release|Any CPU.Build.0 = Release|Any CPU
		{30BF4F1C-757F-404E-B86D-0C46215C7B19}.Release|x86.ActiveCfg = Release|Any CPU
		{30BF4F1C-757F-404E-B86D-0C46215C7B19}.Release|x86.Build.0 = Release|Any CPU
		{0761DD11-1F39-414B-B25B-2C34E2073621}.Debug|Any CPU.ActiveCfg = Debug|Any CPU
		{0761DD11-1F39-414B-B25B-2C34E2073621}.Debug|Any CPU.Build.0 = Debug|Any CPU
		{0761DD11-1F39-414B-B25B-2C34E2073621}.Debug|x86.ActiveCfg = Debug|Any CPU
		{0761DD11-1F39-414B-B25B-2C34E2073621}.Debug|x86.Build.0 = Debug|Any CPU
		{0761DD11-1F39-414B-B25B-2C34E2073621}.Release|Any CPU.ActiveCfg = Release|Any CPU
		{0761DD11-1F39-414B-B25B-2C34E2073621}.Release|Any CPU.Build.0 = Release|Any CPU
		{0761DD11-1F39-414B-B25B-2C34E2073621}.Release|x86.ActiveCfg = Release|Any CPU
		{0761DD11-1F39-414B-B25B-2C34E2073621}.Release|x86.Build.0 = Release|Any CPU
		{8FC8344B-F9D4-4D31-8C45-025A556FEAA2}.Debug|Any CPU.ActiveCfg = Debug|Any CPU
		{8FC8344B-F9D4-4D31-8C45-025A556FEAA2}.Debug|Any CPU.Build.0 = Debug|Any CPU
		{8FC8344B-F9D4-4D31-8C45-025A556FEAA2}.Debug|x86.ActiveCfg = Debug|Any CPU
		{8FC8344B-F9D4-4D31-8C45-025A556FEAA2}.Debug|x86.Build.0 = Debug|Any CPU
		{8FC8344B-F9D4-4D31-8C45-025A556FEAA2}.Release|Any CPU.ActiveCfg = Release|Any CPU
		{8FC8344B-F9D4-4D31-8C45-025A556FEAA2}.Release|Any CPU.Build.0 = Release|Any CPU
		{8FC8344B-F9D4-4D31-8C45-025A556FEAA2}.Release|x86.ActiveCfg = Release|Any CPU
		{8FC8344B-F9D4-4D31-8C45-025A556FEAA2}.Release|x86.Build.0 = Release|Any CPU
		{A2D088C9-56F6-4318-AF5B-DA25CA18E198}.Debug|Any CPU.ActiveCfg = Debug|Any CPU
		{A2D088C9-56F6-4318-AF5B-DA25CA18E198}.Debug|Any CPU.Build.0 = Debug|Any CPU
		{A2D088C9-56F6-4318-AF5B-DA25CA18E198}.Debug|x86.ActiveCfg = Debug|Any CPU
		{A2D088C9-56F6-4318-AF5B-DA25CA18E198}.Debug|x86.Build.0 = Debug|Any CPU
		{A2D088C9-56F6-4318-AF5B-DA25CA18E198}.Release|Any CPU.ActiveCfg = Release|Any CPU
		{A2D088C9-56F6-4318-AF5B-DA25CA18E198}.Release|Any CPU.Build.0 = Release|Any CPU
		{A2D088C9-56F6-4318-AF5B-DA25CA18E198}.Release|x86.ActiveCfg = Release|Any CPU
		{A2D088C9-56F6-4318-AF5B-DA25CA18E198}.Release|x86.Build.0 = Release|Any CPU
		{CFF8C7F2-FC14-4671-9DCF-65E86B7189EC}.Debug|Any CPU.ActiveCfg = Debug|Any CPU
		{CFF8C7F2-FC14-4671-9DCF-65E86B7189EC}.Debug|Any CPU.Build.0 = Debug|Any CPU
		{CFF8C7F2-FC14-4671-9DCF-65E86B7189EC}.Debug|x86.ActiveCfg = Debug|Any CPU
		{CFF8C7F2-FC14-4671-9DCF-65E86B7189EC}.Debug|x86.Build.0 = Debug|Any CPU
		{CFF8C7F2-FC14-4671-9DCF-65E86B7189EC}.Release|Any CPU.ActiveCfg = Release|Any CPU
		{CFF8C7F2-FC14-4671-9DCF-65E86B7189EC}.Release|Any CPU.Build.0 = Release|Any CPU
		{CFF8C7F2-FC14-4671-9DCF-65E86B7189EC}.Release|x86.ActiveCfg = Release|Any CPU
		{CFF8C7F2-FC14-4671-9DCF-65E86B7189EC}.Release|x86.Build.0 = Release|Any CPU
	EndGlobalSection
	GlobalSection(SolutionProperties) = preSolution
		HideSolutionNode = FALSE
	EndGlobalSection
	GlobalSection(NestedProjects) = preSolution
		{8FC8344B-F9D4-4D31-8C45-025A556FEAA2} = {6EE87156-05D8-4F39-99FA-F467239F06B2}
		{A2D088C9-56F6-4318-AF5B-DA25CA18E198} = {6EE87156-05D8-4F39-99FA-F467239F06B2}
		{CFF8C7F2-FC14-4671-9DCF-65E86B7189EC} = {842B5750-7067-437E-B8D4-42BA057CD3D0}
	EndGlobalSection
EndGlobal
