Microsoft Visual Studio Solution File, Format Version 12.00
# Visual Studio 14
VisualStudioVersion = 14.0.25123.0
MinimumVisualStudioVersion = 10.0.40219.1
Project("{FAE04EC0-301F-11D3-BF4B-00C04F79EFBC}") = "CExtensions.EFModelGenerator.Core", "CExtensions.EFModelGenerator.Core\CExtensions.EFModelGenerator.Core.csproj", "{570E27DB-B255-4541-B211-34F124AD4A8E}"
EndProject
Project("{FAE04EC0-301F-11D3-BF4B-00C04F79EFBC}") = "CExtensions.EFModelGenerator.Command", "CExtensions.EFModelGenerator.Command\CExtensions.EFModelGenerator.Command.csproj", "{63FA9A34-7B9E-4E25-8C37-B70FF006C4D7}"
EndProject
Project("{FAE04EC0-301F-11D3-BF4B-00C04F79EFBC}") = "CExtensions.EFModelGenerator.Oracle", "CExtensions.EFModelGenerator.Oracle\CExtensions.EFModelGenerator.Oracle.csproj", "{30BF4F1C-757F-404E-B86D-0C46215C7B19}"
EndProject
Project("{FAE04EC0-301F-11D3-BF4B-00C04F79EFBC}") = "CExtensions.EFModelGenerator.SqlServer", "CExtensions.EFModelGenerator.SqlServer\CExtensions.EFModelGenerator.SqlServer.csproj", "{857E53B9-83D1-4A02-B3CE-809B52F564B1}"
EndProject
Project("{FAE04EC0-301F-11D3-BF4B-00C04F79EFBC}") = "CExtensions.EFModelGenerator.Serializers", "CExtensions.EFModelGenerator.Serializers\CExtensions.EFModelGenerator.Serializers.csproj", "{B462E903-48DE-4D7C-9CAE-16926C7D19AB}"
EndProject
Project("{FAE04EC0-301F-11D3-BF4B-00C04F79EFBC}") = "CExtensions.EFModelGenerator.VSExtension", "CExtensions.EFModelGenerator.VSExtension\CExtensions.EFModelGenerator.VSExtension.csproj", "{0761DD11-1F39-414B-B25B-2C34E2073621}"
EndProject
Project("{2150E333-8FDC-42A3-9474-1A3956D46DE8}") = "Test", "Test", "{6EE87156-05D8-4F39-99FA-F467239F06B2}"
EndProject
Project("{FAE04EC0-301F-11D3-BF4B-00C04F79EFBC}") = "CExtensions.EFModelGenerator.Settings.Test", "Test\CExtensions.EFModelGenerator.Settings.Test\CExtensions.EFModelGenerator.Settings.Test.csproj", "{8FC8344B-F9D4-4D31-8C45-025A556FEAA2}"
EndProject
Project("{FAE04EC0-301F-11D3-BF4B-00C04F79EFBC}") = "Test.Helpers", "Test\Test.Helpers\Test.Helpers.csproj", "{A2D088C9-56F6-4318-AF5B-DA25CA18E198}"
EndProject
Global
	GlobalSection(SolutionConfigurationPlatforms) = preSolution
		Debug|Any CPU = Debug|Any CPU
		Debug|x86 = Debug|x86
		Release|Any CPU = Release|Any CPU
		Release|x86 = Release|x86
	EndGlobalSection
	GlobalSection(ProjectConfigurationPlatforms) = postSolution
		{570E27DB-B255-4541-B211-34F124AD4A8E}.Debug|Any CPU.ActiveCfg = Debug|Any CPU
		{570E27DB-B255-4541-B211-34F124AD4A8E}.Debug|Any CPU.Build.0 = Debug|Any CPU
		{570E27DB-B255-4541-B211-34F124AD4A8E}.Debug|x86.ActiveCfg = Debug|Any CPU
		{570E27DB-B255-4541-B211-34F124AD4A8E}.Debug|x86.Build.0 = Debug|Any CPU
		{570E27DB-B255-4541-B211-34F124AD4A8E}.Release|Any CPU.ActiveCfg = Release|Any CPU
		{570E27DB-B255-4541-B211-34F124AD4A8E}.Release|Any CPU.Build.0 = Release|Any CPU
		{570E27DB-B255-4541-B211-34F124AD4A8E}.Release|x86.ActiveCfg = Release|Any CPU
		{570E27DB-B255-4541-B211-34F124AD4A8E}.Release|x86.Build.0 = Release|Any CPU
		{63FA9A34-7B9E-4E25-8C37-B70FF006C4D7}.Debug|Any CPU.ActiveCfg = Debug|Any CPU
		{63FA9A34-7B9E-4E25-8C37-B70FF006C4D7}.Debug|Any CPU.Build.0 = Debug|Any CPU
		{63FA9A34-7B9E-4E25-8C37-B70FF006C4D7}.Debug|x86.ActiveCfg = Debug|Any CPU
		{63FA9A34-7B9E-4E25-8C37-B70FF006C4D7}.Debug|x86.Build.0 = Debug|Any CPU
		{63FA9A34-7B9E-4E25-8C37-B70FF006C4D7}.Release|Any CPU.ActiveCfg = Release|Any CPU
		{63FA9A34-7B9E-4E25-8C37-B70FF006C4D7}.Release|Any CPU.Build.0 = Release|Any CPU
		{63FA9A34-7B9E-4E25-8C37-B70FF006C4D7}.Release|x86.ActiveCfg = Release|Any CPU
		{63FA9A34-7B9E-4E25-8C37-B70FF006C4D7}.Release|x86.Build.0 = Release|Any CPU
		{30BF4F1C-757F-404E-B86D-0C46215C7B19}.Debug|Any CPU.ActiveCfg = Debug|Any CPU
		{30BF4F1C-757F-404E-B86D-0C46215C7B19}.Debug|Any CPU.Build.0 = Debug|Any CPU
		{30BF4F1C-757F-404E-B86D-0C46215C7B19}.Debug|x86.ActiveCfg = Debug|Any CPU
		{30BF4F1C-757F-404E-B86D-0C46215C7B19}.Debug|x86.Build.0 = Debug|Any CPU
		{30BF4F1C-757F-404E-B86D-0C46215C7B19}.Release|Any CPU.ActiveCfg = Release|Any CPU
		{30BF4F1C-757F-404E-B86D-0C46215C7B19}.Release|Any CPU.Build.0 = Release|Any CPU
		{30BF4F1C-757F-404E-B86D-0C46215C7B19}.Release|x86.ActiveCfg = Release|Any CPU
		{30BF4F1C-757F-404E-B86D-0C46215C7B19}.Release|x86.Build.0 = Release|Any CPU
		{857E53B9-83D1-4A02-B3CE-809B52F564B1}.Debug|Any CPU.ActiveCfg = Debug|Any CPU
		{857E53B9-83D1-4A02-B3CE-809B52F564B1}.Debug|Any CPU.Build.0 = Debug|Any CPU
		{857E53B9-83D1-4A02-B3CE-809B52F564B1}.Debug|x86.ActiveCfg = Debug|Any CPU
		{857E53B9-83D1-4A02-B3CE-809B52F564B1}.Debug|x86.Build.0 = Debug|Any CPU
		{857E53B9-83D1-4A02-B3CE-809B52F564B1}.Release|Any CPU.ActiveCfg = Release|Any CPU
		{857E53B9-83D1-4A02-B3CE-809B52F564B1}.Release|Any CPU.Build.0 = Release|Any CPU
		{857E53B9-83D1-4A02-B3CE-809B52F564B1}.Release|x86.ActiveCfg = Release|Any CPU
		{857E53B9-83D1-4A02-B3CE-809B52F564B1}.Release|x86.Build.0 = Release|Any CPU
		{B462E903-48DE-4D7C-9CAE-16926C7D19AB}.Debug|Any CPU.ActiveCfg = Debug|Any CPU
		{B462E903-48DE-4D7C-9CAE-16926C7D19AB}.Debug|Any CPU.Build.0 = Debug|Any CPU
		{B462E903-48DE-4D7C-9CAE-16926C7D19AB}.Debug|x86.ActiveCfg = Debug|Any CPU
		{B462E903-48DE-4D7C-9CAE-16926C7D19AB}.Debug|x86.Build.0 = Debug|Any CPU
		{B462E903-48DE-4D7C-9CAE-16926C7D19AB}.Release|Any CPU.ActiveCfg = Release|Any CPU
		{B462E903-48DE-4D7C-9CAE-16926C7D19AB}.Release|Any CPU.Build.0 = Release|Any CPU
		{B462E903-48DE-4D7C-9CAE-16926C7D19AB}.Release|x86.ActiveCfg = Release|Any CPU
		{B462E903-48DE-4D7C-9CAE-16926C7D19AB}.Release|x86.Build.0 = Release|Any CPU
		{0761DD11-1F39-414B-B25B-2C34E2073621}.Debug|Any CPU.ActiveCfg = Debug|Any CPU
		{0761DD11-1F39-414B-B25B-2C34E2073621}.Debug|Any CPU.Build.0 = Debug|Any CPU
		{0761DD11-1F39-414B-B25B-2C34E2073621}.Debug|x86.ActiveCfg = Debug|Any CPU
		{0761DD11-1F39-414B-B25B-2C34E2073621}.Debug|x86.Build.0 = Debug|Any CPU
		{0761DD11-1F39-414B-B25B-2C34E2073621}.Release|Any CPU.ActiveCfg = Release|Any CPU
		{0761DD11-1F39-414B-B25B-2C34E2073621}.Release|Any CPU.Build.0 = Release|Any CPU
		{0761DD11-1F39-414B-B25B-2C34E2073621}.Release|x86.ActiveCfg = Release|Any CPU
		{0761DD11-1F39-414B-B25B-2C34E2073621}.Release|x86.Build.0 = Release|Any CPU
		{8FC8344B-F9D4-4D31-8C45-025A556FEAA2}.Debug|Any CPU.ActiveCfg = Debug|Any CPU
		{8FC8344B-F9D4-4D31-8C45-025A556FEAA2}.Debug|Any CPU.Build.0 = Debug|Any CPU
		{8FC8344B-F9D4-4D31-8C45-025A556FEAA2}.Debug|x86.ActiveCfg = Debug|Any CPU
		{8FC8344B-F9D4-4D31-8C45-025A556FEAA2}.Debug|x86.Build.0 = Debug|Any CPU
		{8FC8344B-F9D4-4D31-8C45-025A556FEAA2}.Release|Any CPU.ActiveCfg = Release|Any CPU
		{8FC8344B-F9D4-4D31-8C45-025A556FEAA2}.Release|Any CPU.Build.0 = Release|Any CPU
		{8FC8344B-F9D4-4D31-8C45-025A556FEAA2}.Release|x86.ActiveCfg = Release|Any CPU
		{8FC8344B-F9D4-4D31-8C45-025A556FEAA2}.Release|x86.Build.0 = Release|Any CPU
		{A2D088C9-56F6-4318-AF5B-DA25CA18E198}.Debug|Any CPU.ActiveCfg = Debug|Any CPU
		{A2D088C9-56F6-4318-AF5B-DA25CA18E198}.Debug|Any CPU.Build.0 = Debug|Any CPU
		{A2D088C9-56F6-4318-AF5B-DA25CA18E198}.Debug|x86.ActiveCfg = Debug|Any CPU
		{A2D088C9-56F6-4318-AF5B-DA25CA18E198}.Debug|x86.Build.0 = Debug|Any CPU
		{A2D088C9-56F6-4318-AF5B-DA25CA18E198}.Release|Any CPU.ActiveCfg = Release|Any CPU
		{A2D088C9-56F6-4318-AF5B-DA25CA18E198}.Release|Any CPU.Build.0 = Release|Any CPU
		{A2D088C9-56F6-4318-AF5B-DA25CA18E198}.Release|x86.ActiveCfg = Release|Any CPU
		{A2D088C9-56F6-4318-AF5B-DA25CA18E198}.Release|x86.Build.0 = Release|Any CPU
	EndGlobalSection
	GlobalSection(SolutionProperties) = preSolution
		HideSolutionNode = FALSE
	EndGlobalSection
	GlobalSection(NestedProjects) = preSolution
		{8FC8344B-F9D4-4D31-8C45-025A556FEAA2} = {6EE87156-05D8-4F39-99FA-F467239F06B2}
		{A2D088C9-56F6-4318-AF5B-DA25CA18E198} = {6EE87156-05D8-4F39-99FA-F467239F06B2}
	EndGlobalSection
EndGlobal
